
Microsoft Visual Studio Solution File, Format Version 12.00
# Visual Studio Version 17
VisualStudioVersion = 17.10.35013.160
MinimumVisualStudioVersion = 10.0.40219.1
Project("{FAE04EC0-301F-11D3-BF4B-00C04F79EFBC}") = "KrispyKreme1", "KrispyKreme1\KrispyKreme1.csproj", "{C59CA680-6A2B-4F49-A305-77D7ED54D2CE}"
EndProject
Global
	GlobalSection(SolutionConfigurationPlatforms) = preSolution
		Debug|Any CPU = Debug|Any CPU
		Release|Any CPU = Release|Any CPU
	EndGlobalSection
	GlobalSection(ProjectConfigurationPlatforms) = postSolution
		{C59CA680-6A2B-4F49-A305-77D7ED54D2CE}.Debug|Any CPU.ActiveCfg = Debug|Any CPU
		{C59CA680-6A2B-4F49-A305-77D7ED54D2CE}.Debug|Any CPU.Build.0 = Debug|Any CPU
		{C59CA680-6A2B-4F49-A305-77D7ED54D2CE}.Release|Any CPU.ActiveCfg = Release|Any CPU
		{C59CA680-6A2B-4F49-A305-77D7ED54D2CE}.Release|Any CPU.Build.0 = Release|Any CPU
	EndGlobalSection
	GlobalSection(SolutionProperties) = preSolution
		HideSolutionNode = FALSE
	EndGlobalSection
	GlobalSection(ExtensibilityGlobals) = postSolution
		SolutionGuid = {C018C368-AF81-427A-978E-18CA306023C7}
	EndGlobalSection
EndGlobal
